
Microsoft Visual Studio Solution File, Format Version 12.00
# Visual Studio Express 2012 for Windows Desktop
Project("{8BC9CEB8-8B4A-11D0-8D11-00A0C91BC942}") = "game", "game\game.vcxproj", "{70E1910F-6D4D-4AAF-9815-0803F5996B6E}"
EndProject
Project("{8BC9CEB8-8B4A-11D0-8D11-00A0C91BC942}") = "idgen", "idgen\idgen.vcxproj", "{F4291733-23AC-4A43-A2D3-921A4C82E5FE}"
EndProject
Project("{8BC9CEB8-8B4A-11D0-8D11-00A0C91BC942}") = "sw", "sw\sw.vcxproj", "{19DA5041-37B5-470D-9C3E-87DF45CF31BC}"
EndProject
Project("{8BC9CEB8-8B4A-11D0-8D11-00A0C91BC942}") = "colorgen", "colorgen\colorgen.vcxproj", "{ABBCD2FC-776C-4240-AEF0-D2A23BCA8C8C}"
EndProject
Project("{8BC9CEB8-8B4A-11D0-8D11-00A0C91BC942}") = "btngen", "btngen\btngen.vcxproj", "{43776393-2BE8-4C6D-8ED4-F07A529D3DEF}"
EndProject
Global
	GlobalSection(SolutionConfigurationPlatforms) = preSolution
		Debug|Win32 = Debug|Win32
		EditorDebug|Win32 = EditorDebug|Win32
		EditorRelease|Win32 = EditorRelease|Win32
		Release|Win32 = Release|Win32
		Test|Win32 = Test|Win32
	EndGlobalSection
	GlobalSection(ProjectConfigurationPlatforms) = postSolution
		{70E1910F-6D4D-4AAF-9815-0803F5996B6E}.Debug|Win32.ActiveCfg = Debug|Win32
		{70E1910F-6D4D-4AAF-9815-0803F5996B6E}.Debug|Win32.Build.0 = Debug|Win32
		{70E1910F-6D4D-4AAF-9815-0803F5996B6E}.EditorDebug|Win32.ActiveCfg = EditorDebug|Win32
		{70E1910F-6D4D-4AAF-9815-0803F5996B6E}.EditorDebug|Win32.Build.0 = EditorDebug|Win32
		{70E1910F-6D4D-4AAF-9815-0803F5996B6E}.EditorRelease|Win32.ActiveCfg = EditorRelease|Win32
		{70E1910F-6D4D-4AAF-9815-0803F5996B6E}.EditorRelease|Win32.Build.0 = EditorRelease|Win32
		{70E1910F-6D4D-4AAF-9815-0803F5996B6E}.Release|Win32.ActiveCfg = Release|Win32
		{70E1910F-6D4D-4AAF-9815-0803F5996B6E}.Release|Win32.Build.0 = Release|Win32
		{70E1910F-6D4D-4AAF-9815-0803F5996B6E}.Test|Win32.ActiveCfg = Test|Win32
		{70E1910F-6D4D-4AAF-9815-0803F5996B6E}.Test|Win32.Build.0 = Test|Win32
		{F4291733-23AC-4A43-A2D3-921A4C82E5FE}.Debug|Win32.ActiveCfg = Debug|Win32
		{F4291733-23AC-4A43-A2D3-921A4C82E5FE}.Debug|Win32.Build.0 = Debug|Win32
		{F4291733-23AC-4A43-A2D3-921A4C82E5FE}.EditorDebug|Win32.ActiveCfg = Debug|Win32
		{F4291733-23AC-4A43-A2D3-921A4C82E5FE}.EditorDebug|Win32.Build.0 = Debug|Win32
		{F4291733-23AC-4A43-A2D3-921A4C82E5FE}.EditorRelease|Win32.ActiveCfg = Release|Win32
		{F4291733-23AC-4A43-A2D3-921A4C82E5FE}.EditorRelease|Win32.Build.0 = Release|Win32
		{F4291733-23AC-4A43-A2D3-921A4C82E5FE}.Release|Win32.ActiveCfg = Release|Win32
		{F4291733-23AC-4A43-A2D3-921A4C82E5FE}.Release|Win32.Build.0 = Release|Win32
		{F4291733-23AC-4A43-A2D3-921A4C82E5FE}.Test|Win32.ActiveCfg = Test|Win32
		{19DA5041-37B5-470D-9C3E-87DF45CF31BC}.Debug|Win32.ActiveCfg = Debug|Win32
		{19DA5041-37B5-470D-9C3E-87DF45CF31BC}.Debug|Win32.Build.0 = Debug|Win32
		{19DA5041-37B5-470D-9C3E-87DF45CF31BC}.EditorDebug|Win32.ActiveCfg = Debug|Win32
		{19DA5041-37B5-470D-9C3E-87DF45CF31BC}.EditorDebug|Win32.Build.0 = Debug|Win32
		{19DA5041-37B5-470D-9C3E-87DF45CF31BC}.EditorRelease|Win32.ActiveCfg = Release|Win32
		{19DA5041-37B5-470D-9C3E-87DF45CF31BC}.EditorRelease|Win32.Build.0 = Release|Win32
		{19DA5041-37B5-470D-9C3E-87DF45CF31BC}.Release|Win32.ActiveCfg = Release|Win32
		{19DA5041-37B5-470D-9C3E-87DF45CF31BC}.Release|Win32.Build.0 = Release|Win32
		{19DA5041-37B5-470D-9C3E-87DF45CF31BC}.Test|Win32.ActiveCfg = Test|Win32
		{19DA5041-37B5-470D-9C3E-87DF45CF31BC}.Test|Win32.Build.0 = Test|Win32
		{ABBCD2FC-776C-4240-AEF0-D2A23BCA8C8C}.Debug|Win32.ActiveCfg = Debug|Win32
		{ABBCD2FC-776C-4240-AEF0-D2A23BCA8C8C}.Debug|Win32.Build.0 = Debug|Win32
		{ABBCD2FC-776C-4240-AEF0-D2A23BCA8C8C}.EditorDebug|Win32.ActiveCfg = Debug|Win32
		{ABBCD2FC-776C-4240-AEF0-D2A23BCA8C8C}.EditorDebug|Win32.Build.0 = Debug|Win32
		{ABBCD2FC-776C-4240-AEF0-D2A23BCA8C8C}.EditorRelease|Win32.ActiveCfg = Release|Win32
		{ABBCD2FC-776C-4240-AEF0-D2A23BCA8C8C}.EditorRelease|Win32.Build.0 = Release|Win32
		{ABBCD2FC-776C-4240-AEF0-D2A23BCA8C8C}.Release|Win32.ActiveCfg = Release|Win32
		{ABBCD2FC-776C-4240-AEF0-D2A23BCA8C8C}.Release|Win32.Build.0 = Release|Win32
		{ABBCD2FC-776C-4240-AEF0-D2A23BCA8C8C}.Test|Win32.ActiveCfg = Test|Win32
		{ABBCD2FC-776C-4240-AEF0-D2A23BCA8C8C}.Test|Win32.Build.0 = Test|Win32
		{43776393-2BE8-4C6D-8ED4-F07A529D3DEF}.Debug|Win32.ActiveCfg = Debug|Win32
		{43776393-2BE8-4C6D-8ED4-F07A529D3DEF}.Debug|Win32.Build.0 = Debug|Win32
		{43776393-2BE8-4C6D-8ED4-F07A529D3DEF}.EditorDebug|Win32.ActiveCfg = Debug|Win32
		{43776393-2BE8-4C6D-8ED4-F07A529D3DEF}.EditorDebug|Win32.Build.0 = Debug|Win32
		{43776393-2BE8-4C6D-8ED4-F07A529D3DEF}.EditorRelease|Win32.ActiveCfg = Release|Win32
		{43776393-2BE8-4C6D-8ED4-F07A529D3DEF}.EditorRelease|Win32.Build.0 = Release|Win32
		{43776393-2BE8-4C6D-8ED4-F07A529D3DEF}.Release|Win32.ActiveCfg = Release|Win32
		{43776393-2BE8-4C6D-8ED4-F07A529D3DEF}.Release|Win32.Build.0 = Release|Win32
		{43776393-2BE8-4C6D-8ED4-F07A529D3DEF}.Test|Win32.ActiveCfg = Test|Win32
		{43776393-2BE8-4C6D-8ED4-F07A529D3DEF}.Test|Win32.Build.0 = Test|Win32
	EndGlobalSection
	GlobalSection(SolutionProperties) = preSolution
		HideSolutionNode = FALSE
	EndGlobalSection
EndGlobal
