<?xml version="1.0" encoding="utf-8"?>
<Project ToolsVersion="4.0" xmlns="http://schemas.microsoft.com/developer/msbuild/2003">
  <ItemGroup>
    <Filter Include="Source Files">
      <UniqueIdentifier>{4FC737F1-C7A5-4376-A066-2A32D752A2FF}</UniqueIdentifier>
      <Extensions>cpp;c;cc;cxx;def;odl;idl;hpj;bat;asm;asmx</Extensions>
    </Filter>
    <Filter Include="Header Files">
      <UniqueIdentifier>{93995380-89BD-4b04-88EB-625FBE52EBFB}</UniqueIdentifier>
      <Extensions>h;hpp;hxx;hm;inl;inc;xsd</Extensions>
    </Filter>
    <Filter Include="Resource Files">
      <UniqueIdentifier>{67DA6AB6-F800-4c08-8B7A-83BB121AAD01}</UniqueIdentifier>
      <Extensions>rc;ico;cur;bmp;dlg;rc2;rct;bin;rgs;gif;jpg;jpeg;jpe;resx;tiff;tif;png;wav;mfcribbon-ms</Extensions>
    </Filter>
    <Filter Include="Source Files\_deps">
      <UniqueIdentifier>{a2cd2d08-6552-4dec-8e96-8ac11f89104c}</UniqueIdentifier>
    </Filter>
    <Filter Include="Source Files\be">
      <UniqueIdentifier>{3932d79b-0d14-4cfc-9c3b-7ac19e38d8d2}</UniqueIdentifier>
    </Filter>
    <Filter Include="Source Files\be\be::bed">
      <UniqueIdentifier>{78cb1a6b-e0fe-4955-bf3b-5832bcef453c}</UniqueIdentifier>
    </Filter>
    <Filter Include="Source Files\be\be::bed\be::bed::detail">
      <UniqueIdentifier>{0944286b-4e21-42d6-bbf2-dae22f811633}</UniqueIdentifier>
    </Filter>
    <Filter Include="Source Files\pbj">
      <UniqueIdentifier>{ec13dc89-3ef7-409e-903d-a273ee312224}</UniqueIdentifier>
    </Filter>
    <Filter Include="Source Files\pbj\pbj::sw">
      <UniqueIdentifier>{c584ad93-adfe-45c2-ab83-8ffceaaad3c0}</UniqueIdentifier>
    </Filter>
    <Filter Include="Source Files\pbj\pbj::gfx">
      <UniqueIdentifier>{282f63bb-5be5-4d55-baef-53a8299da075}</UniqueIdentifier>
    </Filter>
  </ItemGroup>
  <ItemGroup>
    <ClCompile Include="main.cpp">
      <Filter>Source Files</Filter>
    </ClCompile>
    <ClCompile Include="..\..\deps\sqlite3.c">
      <Filter>Source Files\_deps</Filter>
    </ClCompile>
    <ClCompile Include="..\..\deps\stb_image.c">
      <Filter>Source Files\_deps</Filter>
    </ClCompile>
    <ClCompile Include="..\..\src\be\id.cpp">
      <Filter>Source Files\be</Filter>
    </ClCompile>
    <ClCompile Include="..\..\src\be\verbosity.cpp">
      <Filter>Source Files\be</Filter>
    </ClCompile>
    <ClCompile Include="..\..\src\be\bed\cached_stmt.cpp">
      <Filter>Source Files\be\be::bed</Filter>
    </ClCompile>
    <ClCompile Include="..\..\src\be\bed\db.cpp">
      <Filter>Source Files\be\be::bed</Filter>
    </ClCompile>
    <ClCompile Include="..\..\src\be\bed\stmt.cpp">
      <Filter>Source Files\be\be::bed</Filter>
    </ClCompile>
    <ClCompile Include="..\..\src\be\bed\stmt_cache.cpp">
      <Filter>Source Files\be\be::bed</Filter>
    </ClCompile>
    <ClCompile Include="..\..\src\be\bed\transaction.cpp">
      <Filter>Source Files\be\be::bed</Filter>
    </ClCompile>
    <ClCompile Include="..\..\src\be\bed\detail\db_error.cpp">
      <Filter>Source Files\be\be::bed\be::bed::detail</Filter>
    </ClCompile>
    <ClCompile Include="..\..\src\be\bed\detail\stmt_cache_entry.cpp">
      <Filter>Source Files\be\be::bed\be::bed::detail</Filter>
    </ClCompile>
    <ClCompile Include="..\..\src\pbj\sw\resource_id.cpp">
      <Filter>Source Files\pbj\pbj::sw</Filter>
    </ClCompile>
    <ClCompile Include="..\..\src\pbj\sw\sandwich.cpp">
      <Filter>Source Files\pbj\pbj::sw</Filter>
    </ClCompile>
    <ClCompile Include="..\..\src\pbj\sw\sandwich_open.cpp">
      <Filter>Source Files\pbj\pbj::sw</Filter>
    </ClCompile>
    <ClCompile Include="..\..\src\pbj\gfx\texture.cpp">
      <Filter>Source Files\pbj\pbj::gfx</Filter>
    </ClCompile>
  </ItemGroup>
</Project>